{
  "name": "css_library",
  "lockfileVersion": 2,
  "requires": true,
  "packages": {
    "": {
      "dependencies": {
        "animate.css": "^4.1.1",
        "scroll-js": "^3.5.0"
      }
    },
    "node_modules/animate.css": {
      "version": "4.1.1",
      "resolved": "https://registry.npmjs.org/animate.css/-/animate.css-4.1.1.tgz",
      "integrity": "sha512-+mRmCTv6SbCmtYJCN4faJMNFVNN5EuCTTprDTAo7YzIGji2KADmakjVA3+8mVDkZ2Bf09vayB35lSQIex2+QaQ=="
    },
    "node_modules/scroll-js": {
      "version": "3.5.0",
      "resolved": "https://registry.npmjs.org/scroll-js/-/scroll-js-3.5.0.tgz",
      "integrity": "sha512-tXIb9GfZNbVUluM3LJCaeePPONWAQijaElXFIMy0NgvlC3GlW+tlB6X7AYqxAZzBq4+iOMY3Fu5HGzRbAL9Hjw==",
      "engines": {
        "node": ">=16"
      }
    }
  },
  "dependencies": {
    "animate.css": {
      "version": "4.1.1",
      "resolved": "https://registry.npmjs.org/animate.css/-/animate.css-4.1.1.tgz",
      "integrity": "sha512-+mRmCTv6SbCmtYJCN4faJMNFVNN5EuCTTprDTAo7YzIGji2KADmakjVA3+8mVDkZ2Bf09vayB35lSQIex2+QaQ=="
    },
    "scroll-js": {
      "version": "3.5.0",
      "resolved": "https://registry.npmjs.org/scroll-js/-/scroll-js-3.5.0.tgz",
      "integrity": "sha512-tXIb9GfZNbVUluM3LJCaeePPONWAQijaElXFIMy0NgvlC3GlW+tlB6X7AYqxAZzBq4+iOMY3Fu5HGzRbAL9Hjw=="
    }
  }
}
